// !$*UTF8*$!
{
	archiveVersion = 1;
	classes = {
	};
	objectVersion = 46;
	objects = {

/* Begin PBXBuildFile section */
		31EC77BC1AAA16A8007F41D3 /* AppDelegate.swift in Sources */ = {isa = PBXBuildFile; fileRef = 31EC77BB1AAA16A8007F41D3 /* AppDelegate.swift */; };
		31EC77BE1AAA16A8007F41D3 /* ViewController.swift in Sources */ = {isa = PBXBuildFile; fileRef = 31EC77BD1AAA16A8007F41D3 /* ViewController.swift */; };
		31EC77C11AAA16A8007F41D3 /* Main.storyboard in Resources */ = {isa = PBXBuildFile; fileRef = 31EC77BF1AAA16A8007F41D3 /* Main.storyboard */; };
		31EC77C31AAA16A8007F41D3 /* Images.xcassets in Resources */ = {isa = PBXBuildFile; fileRef = 31EC77C21AAA16A8007F41D3 /* Images.xcassets */; };
		31EC77C61AAA16A8007F41D3 /* LaunchScreen.xib in Resources */ = {isa = PBXBuildFile; fileRef = 31EC77C41AAA16A8007F41D3 /* LaunchScreen.xib */; };
		31EC77D21AAA16A8007F41D3 /* PostcardTests.swift in Sources */ = {isa = PBXBuildFile; fileRef = 31EC77D11AAA16A8007F41D3 /* PostcardTests.swift */; };
		31EC77DC1AAA173F007F41D3 /* SagradaFamilia.jpeg in Resources */ = {isa = PBXBuildFile; fileRef = 31EC77DB1AAA173F007F41D3 /* SagradaFamilia.jpeg */; };
		31EC77DE1AAA24F8007F41D3 /* AlbertEinsteinStamp.jpg in Resources */ = {isa = PBXBuildFile; fileRef = 31EC77DD1AAA24F8007F41D3 /* AlbertEinsteinStamp.jpg */; };
/* End PBXBuildFile section */

/* Begin PBXContainerItemProxy section */
		31EC77CC1AAA16A8007F41D3 /* PBXContainerItemProxy */ = {
			isa = PBXContainerItemProxy;
			containerPortal = 31EC77AE1AAA16A8007F41D3 /* Project object */;
			proxyType = 1;
			remoteGlobalIDString = 31EC77B51AAA16A8007F41D3;
			remoteInfo = Postcard;
		};
/* End PBXContainerItemProxy section */

/* Begin PBXFileReference section */
		31EC77B61AAA16A8007F41D3 /* Postcard.app */ = {isa = PBXFileReference; explicitFileType = wrapper.application; includeInIndex = 0; path = Postcard.app; sourceTree = BUILT_PRODUCTS_DIR; };
		31EC77BA1AAA16A8007F41D3 /* Info.plist */ = {isa = PBXFileReference; lastKnownFileType = text.plist.xml; path = Info.plist; sourceTree = "<group>"; };
		31EC77BB1AAA16A8007F41D3 /* AppDelegate.swift */ = {isa = PBXFileReference; lastKnownFileType = sourcecode.swift; path = AppDelegate.swift; sourceTree = "<group>"; };
		31EC77BD1AAA16A8007F41D3 /* ViewController.swift */ = {isa = PBXFileReference; lastKnownFileType = sourcecode.swift; path = ViewController.swift; sourceTree = "<group>"; };
		31EC77C01AAA16A8007F41D3 /* Base */ = {isa = PBXFileReference; lastKnownFileType = file.storyboard; name = Base; path = Base.lproj/Main.storyboard; sourceTree = "<group>"; };
		31EC77C21AAA16A8007F41D3 /* Images.xcassets */ = {isa = PBXFileReference; lastKnownFileType = folder.assetcatalog; path = Images.xcassets; sourceTree = "<group>"; };
		31EC77C51AAA16A8007F41D3 /* Base */ = {isa = PBXFileReference; lastKnownFileType = file.xib; name = Base; path = Base.lproj/LaunchScreen.xib; sourceTree = "<group>"; };
		31EC77CB1AAA16A8007F41D3 /* PostcardTests.xctest */ = {isa = PBXFileReference; explicitFileType = wrapper.cfbundle; includeInIndex = 0; path = PostcardTests.xctest; sourceTree = BUILT_PRODUCTS_DIR; };
		31EC77D01AAA16A8007F41D3 /* Info.plist */ = {isa = PBXFileReference; lastKnownFileType = text.plist.xml; path = Info.plist; sourceTree = "<group>"; };
		31EC77D11AAA16A8007F41D3 /* PostcardTests.swift */ = {isa = PBXFileReference; lastKnownFileType = sourcecode.swift; path = PostcardTests.swift; sourceTree = "<group>"; };
		31EC77DB1AAA173F007F41D3 /* SagradaFamilia.jpeg */ = {isa = PBXFileReference; lastKnownFileType = image.jpeg; path = SagradaFamilia.jpeg; sourceTree = "<group>"; };
		31EC77DD1AAA24F8007F41D3 /* AlbertEinsteinStamp.jpg */ = {isa = PBXFileReference; lastKnownFileType = image.jpeg; path = AlbertEinsteinStamp.jpg; sourceTree = "<group>"; };
/* End PBXFileReference section */

/* Begin PBXFrameworksBuildPhase section */
		31EC77B31AAA16A8007F41D3 /* Frameworks */ = {
			isa = PBXFrameworksBuildPhase;
			buildActionMask = 2147483647;
			files = (
			);
			runOnlyForDeploymentPostprocessing = 0;
		};
		31EC77C81AAA16A8007F41D3 /* Frameworks */ = {
			isa = PBXFrameworksBuildPhase;
			buildActionMask = 2147483647;
			files = (
			);
			runOnlyForDeploymentPostprocessing = 0;
		};
/* End PBXFrameworksBuildPhase section */

/* Begin PBXGroup section */
		31EC77AD1AAA16A8007F41D3 = {
			isa = PBXGroup;
			children = (
				31EC77B81AAA16A8007F41D3 /* Postcard */,
				31EC77CE1AAA16A8007F41D3 /* PostcardTests */,
				31EC77B71AAA16A8007F41D3 /* Products */,
			);
			sourceTree = "<group>";
		};
		31EC77B71AAA16A8007F41D3 /* Products */ = {
			isa = PBXGroup;
			children = (
				31EC77B61AAA16A8007F41D3 /* Postcard.app */,
				31EC77CB1AAA16A8007F41D3 /* PostcardTests.xctest */,
			);
			name = Products;
			sourceTree = "<group>";
		};
		31EC77B81AAA16A8007F41D3 /* Postcard */ = {
			isa = PBXGroup;
			children = (
				31EC77BB1AAA16A8007F41D3 /* AppDelegate.swift */,
				31EC77BD1AAA16A8007F41D3 /* ViewController.swift */,
				31EC77BF1AAA16A8007F41D3 /* Main.storyboard */,
				31EC77C21AAA16A8007F41D3 /* Images.xcassets */,
				31EC77C41AAA16A8007F41D3 /* LaunchScreen.xib */,
				31EC77B91AAA16A8007F41D3 /* Supporting Files */,
			);
			path = Postcard;
			sourceTree = "<group>";
		};
		31EC77B91AAA16A8007F41D3 /* Supporting Files */ = {
			isa = PBXGroup;
			children = (
				31EC77DD1AAA24F8007F41D3 /* AlbertEinsteinStamp.jpg */,
				31EC77DB1AAA173F007F41D3 /* SagradaFamilia.jpeg */,
				31EC77BA1AAA16A8007F41D3 /* Info.plist */,
			);
			name = "Supporting Files";
			sourceTree = "<group>";
		};
		31EC77CE1AAA16A8007F41D3 /* PostcardTests */ = {
			isa = PBXGroup;
			children = (
				31EC77D11AAA16A8007F41D3 /* PostcardTests.swift */,
				31EC77CF1AAA16A8007F41D3 /* Supporting Files */,
			);
			path = PostcardTests;
			sourceTree = "<group>";
		};
		31EC77CF1AAA16A8007F41D3 /* Supporting Files */ = {
			isa = PBXGroup;
			children = (
				31EC77D01AAA16A8007F41D3 /* Info.plist */,
			);
			name = "Supporting Files";
			sourceTree = "<group>";
		};
/* End PBXGroup section */

/* Begin PBXNativeTarget section */
		31EC77B51AAA16A8007F41D3 /* Postcard */ = {
			isa = PBXNativeTarget;
			buildConfigurationList = 31EC77D51AAA16A8007F41D3 /* Build configuration list for PBXNativeTarget "Postcard" */;
			buildPhases = (
				31EC77B21AAA16A8007F41D3 /* Sources */,
				31EC77B31AAA16A8007F41D3 /* Frameworks */,
				31EC77B41AAA16A8007F41D3 /* Resources */,
			);
			buildRules = (
			);
			dependencies = (
			);
			name = Postcard;
			productName = Postcard;
			productReference = 31EC77B61AAA16A8007F41D3 /* Postcard.app */;
			productType = "com.apple.product-type.application";
		};
		31EC77CA1AAA16A8007F41D3 /* PostcardTests */ = {
			isa = PBXNativeTarget;
			buildConfigurationList = 31EC77D81AAA16A8007F41D3 /* Build configuration list for PBXNativeTarget "PostcardTests" */;
			buildPhases = (
				31EC77C71AAA16A8007F41D3 /* Sources */,
				31EC77C81AAA16A8007F41D3 /* Frameworks */,
				31EC77C91AAA16A8007F41D3 /* Resources */,
			);
			buildRules = (
			);
			dependencies = (
				31EC77CD1AAA16A8007F41D3 /* PBXTargetDependency */,
			);
			name = PostcardTests;
			productName = PostcardTests;
			productReference = 31EC77CB1AAA16A8007F41D3 /* PostcardTests.xctest */;
			productType = "com.apple.product-type.bundle.unit-test";
		};
/* End PBXNativeTarget section */

/* Begin PBXProject section */
		31EC77AE1AAA16A8007F41D3 /* Project object */ = {
			isa = PBXProject;
			attributes = {
				LastUpgradeCheck = 0610;
				ORGANIZATIONNAME = "Sarah Pridgeon";
				TargetAttributes = {
					31EC77B51AAA16A8007F41D3 = {
						CreatedOnToolsVersion = 6.1.1;
					};
					31EC77CA1AAA16A8007F41D3 = {
						CreatedOnToolsVersion = 6.1.1;
						TestTargetID = 31EC77B51AAA16A8007F41D3;
					};
				};
			};
			buildConfigurationList = 31EC77B11AAA16A8007F41D3 /* Build configuration list for PBXProject "Postcard" */;
			compatibilityVersion = "Xcode 3.2";
			developmentRegion = English;
			hasScannedForEncodings = 0;
			knownRegions = (
				en,
				Base,
			);
			mainGroup = 31EC77AD1AAA16A8007F41D3;
			productRefGroup = 31EC77B71AAA16A8007F41D3 /* Products */;
			projectDirPath = "";
			projectRoot = "";
			targets = (
				31EC77B51AAA16A8007F41D3 /* Postcard */,
				31EC77CA1AAA16A8007F41D3 /* PostcardTests */,
			);
		};
/* End PBXProject section */

/* Begin PBXResourcesBuildPhase section */
		31EC77B41AAA16A8007F41D3 /* Resources */ = {
			isa = PBXResourcesBuildPhase;
			buildActionMask = 2147483647;
			files = (
				31EC77C11AAA16A8007F41D3 /* Main.storyboard in Resources */,
				31EC77DC1AAA173F007F41D3 /* SagradaFamilia.jpeg in Resources */,
				31EC77DE1AAA24F8007F41D3 /* AlbertEinsteinStamp.jpg in Resources */,
				31EC77C61AAA16A8007F41D3 /* LaunchScreen.xib in Resources */,
				31EC77C31AAA16A8007F41D3 /* Images.xcassets in Resources */,
			);
			runOnlyForDeploymentPostprocessing = 0;
		};
		31EC77C91AAA16A8007F41D3 /* Resources */ = {
			isa = PBXResourcesBuildPhase;
			buildActionMask = 2147483647;
			files = (
			);
			runOnlyForDeploymentPostprocessing = 0;
		};
/* End PBXResourcesBuildPhase section */

/* Begin PBXSourcesBuildPhase section */
		31EC77B21AAA16A8007F41D3 /* Sources */ = {
			isa = PBXSourcesBuildPhase;
			buildActionMask = 2147483647;
			files = (
				31EC77BE1AAA16A8007F41D3 /* ViewController.swift in Sources */,
				31EC77BC1AAA16A8007F41D3 /* AppDelegate.swift in Sources */,
			);
			runOnlyForDeploymentPostprocessing = 0;
		};
		31EC77C71AAA16A8007F41D3 /* Sources */ = {
			isa = PBXSourcesBuildPhase;
			buildActionMask = 2147483647;
			files = (
				31EC77D21AAA16A8007F41D3 /* PostcardTests.swift in Sources */,
			);
			runOnlyForDeploymentPostprocessing = 0;
		};
/* End PBXSourcesBuildPhase section */

/* Begin PBXTargetDependency section */
		31EC77CD1AAA16A8007F41D3 /* PBXTargetDependency */ = {
			isa = PBXTargetDependency;
			target = 31EC77B51AAA16A8007F41D3 /* Postcard */;
			targetProxy = 31EC77CC1AAA16A8007F41D3 /* PBXContainerItemProxy */;
		};
/* End PBXTargetDependency section */

/* Begin PBXVariantGroup section */
		31EC77BF1AAA16A8007F41D3 /* Main.storyboard */ = {
			isa = PBXVariantGroup;
			children = (
				31EC77C01AAA16A8007F41D3 /* Base */,
			);
			name = Main.storyboard;
			sourceTree = "<group>";
		};
		31EC77C41AAA16A8007F41D3 /* LaunchScreen.xib */ = {
			isa = PBXVariantGroup;
			children = (
				31EC77C51AAA16A8007F41D3 /* Base */,
			);
			name = LaunchScreen.xib;
			sourceTree = "<group>";
		};
/* End PBXVariantGroup section */

/* Begin XCBuildConfiguration section */
		31EC77D31AAA16A8007F41D3 /* Debug */ = {
			isa = XCBuildConfiguration;
			buildSettings = {
				ALWAYS_SEARCH_USER_PATHS = NO;
				CLANG_CXX_LANGUAGE_STANDARD = "gnu++0x";
				CLANG_CXX_LIBRARY = "libc++";
				CLANG_ENABLE_MODULES = YES;
				CLANG_ENABLE_OBJC_ARC = YES;
				CLANG_WARN_BOOL_CONVERSION = YES;
				CLANG_WARN_CONSTANT_CONVERSION = YES;
				CLANG_WARN_DIRECT_OBJC_ISA_USAGE = YES_ERROR;
				CLANG_WARN_EMPTY_BODY = YES;
				CLANG_WARN_ENUM_CONVERSION = YES;
				CLANG_WARN_INT_CONVERSION = YES;
				CLANG_WARN_OBJC_ROOT_CLASS = YES_ERROR;
				CLANG_WARN_UNREACHABLE_CODE = YES;
				CLANG_WARN__DUPLICATE_METHOD_MATCH = YES;
				"CODE_SIGN_IDENTITY[sdk=iphoneos*]" = "iPhone Developer";
				COPY_PHASE_STRIP = NO;
				ENABLE_STRICT_OBJC_MSGSEND = YES;
				GCC_C_LANGUAGE_STANDARD = gnu99;
				GCC_DYNAMIC_NO_PIC = NO;
				GCC_OPTIMIZATION_LEVEL = 0;
				GCC_PREPROCESSOR_DEFINITIONS = (
					"DEBUG=1",
					"$(inherited)",
				);
				GCC_SYMBOLS_PRIVATE_EXTERN = NO;
				GCC_WARN_64_TO_32_BIT_CONVERSION = YES;
				GCC_WARN_ABOUT_RETURN_TYPE = YES_ERROR;
				GCC_WARN_UNDECLARED_SELECTOR = YES;
				GCC_WARN_UNINITIALIZED_AUTOS = YES_AGGRESSIVE;
				GCC_WARN_UNUSED_FUNCTION = YES;
				GCC_WARN_UNUSED_VARIABLE = YES;
				IPHONEOS_DEPLOYMENT_TARGET = 8.1;
				MTL_ENABLE_DEBUG_INFO = YES;
				ONLY_ACTIVE_ARCH = YES;
				SDKROOT = iphoneos;
				SWIFT_OPTIMIZATION_LEVEL = "-Onone";
				TARGETED_DEVICE_FAMILY = "1,2";
			};
			name = Debug;
		};
		31EC77D41AAA16A8007F41D3 /* Release */ = {
			isa = XCBuildConfiguration;
			buildSettings = {
				ALWAYS_SEARCH_USER_PATHS = NO;
				CLANG_CXX_LANGUAGE_STANDARD = "gnu++0x";
				CLANG_CXX_LIBRARY = "libc++";
				CLANG_ENABLE_MODULES = YES;
				CLANG_ENABLE_OBJC_ARC = YES;
				CLANG_WARN_BOOL_CONVERSION = YES;
				CLANG_WARN_CONSTANT_CONVERSION = YES;
				CLANG_WARN_DIRECT_OBJC_ISA_USAGE = YES_ERROR;
				CLANG_WARN_EMPTY_BODY = YES;
				CLANG_WARN_ENUM_CONVERSION = YES;
				CLANG_WARN_INT_CONVERSION = YES;
				CLANG_WARN_OBJC_ROOT_CLASS = YES_ERROR;
				CLANG_WARN_UNREACHABLE_CODE = YES;
				CLANG_WARN__DUPLICATE_METHOD_MATCH = YES;
				"CODE_SIGN_IDENTITY[sdk=iphoneos*]" = "iPhone Developer";
				COPY_PHASE_STRIP = YES;
				ENABLE_NS_ASSERTIONS = NO;
				ENABLE_STRICT_OBJC_MSGSEND = YES;
				GCC_C_LANGUAGE_STANDARD = gnu99;
				GCC_WARN_64_TO_32_BIT_CONVERSION = YES;
				GCC_WARN_ABOUT_RETURN_TYPE = YES_ERROR;
				GCC_WARN_UNDECLARED_SELECTOR = YES;
				GCC_WARN_UNINITIALIZED_AUTOS = YES_AGGRESSIVE;
				GCC_WARN_UNUSED_FUNCTION = YES;
				GCC_WARN_UNUSED_VARIABLE = YES;
				IPHONEOS_DEPLOYMENT_TARGET = 8.1;
				MTL_ENABLE_DEBUG_INFO = NO;
				SDKROOT = iphoneos;
				TARGETED_DEVICE_FAMILY = "1,2";
				VALIDATE_PRODUCT = YES;
			};
			name = Release;
		};
		31EC77D61AAA16A8007F41D3 /* Debug */ = {
			isa = XCBuildConfiguration;
			buildSettings = {
				ASSETCATALOG_COMPILER_APPICON_NAME = AppIcon;
				INFOPLIST_FILE = Postcard/Info.plist;
				LD_RUNPATH_SEARCH_PATHS = "$(inherited) @executable_path/Frameworks";
				PRODUCT_NAME = "$(TARGET_NAME)";
			};
			name = Debug;
		};
		31EC77D71AAA16A8007F41D3 /* Release */ = {
			isa = XCBuildConfiguration;
			buildSettings = {
				ASSETCATALOG_COMPILER_APPICON_NAME = AppIcon;
				INFOPLIST_FILE = Postcard/Info.plist;
				LD_RUNPATH_SEARCH_PATHS = "$(inherited) @executable_path/Frameworks";
				PRODUCT_NAME = "$(TARGET_NAME)";
			};
			name = Release;
		};
		31EC77D91AAA16A8007F41D3 /* Debug */ = {
			isa = XCBuildConfiguration;
			buildSettings = {
				BUNDLE_LOADER = "$(TEST_HOST)";
				FRAMEWORK_SEARCH_PATHS = (
					"$(SDKROOT)/Developer/Library/Frameworks",
					"$(inherited)",
				);
				GCC_PREPROCESSOR_DEFINITIONS = (
					"DEBUG=1",
					"$(inherited)",
				);
				INFOPLIST_FILE = PostcardTests/Info.plist;
				LD_RUNPATH_SEARCH_PATHS = "$(inherited) @executable_path/Frameworks @loader_path/Frameworks";
				PRODUCT_NAME = "$(TARGET_NAME)";
				TEST_HOST = "$(BUILT_PRODUCTS_DIR)/Postcard.app/Postcard";
			};
			name = Debug;
		};
		31EC77DA1AAA16A8007F41D3 /* Release */ = {
			isa = XCBuildConfiguration;
			buildSettings = {
				BUNDLE_LOADER = "$(TEST_HOST)";
				FRAMEWORK_SEARCH_PATHS = (
					"$(SDKROOT)/Developer/Library/Frameworks",
					"$(inherited)",
				);
				INFOPLIST_FILE = PostcardTests/Info.plist;
				LD_RUNPATH_SEARCH_PATHS = "$(inherited) @executable_path/Frameworks @loader_path/Frameworks";
				PRODUCT_NAME = "$(TARGET_NAME)";
				TEST_HOST = "$(BUILT_PRODUCTS_DIR)/Postcard.app/Postcard";
			};
			name = Release;
		};
/* End XCBuildConfiguration section */

/* Begin XCConfigurationList section */
		31EC77B11AAA16A8007F41D3 /* Build configuration list for PBXProject "Postcard" */ = {
			isa = XCConfigurationList;
			buildConfigurations = (
				31EC77D31AAA16A8007F41D3 /* Debug */,
				31EC77D41AAA16A8007F41D3 /* Release */,
			);
			defaultConfigurationIsVisible = 0;
			defaultConfigurationName = Release;
		};
		31EC77D51AAA16A8007F41D3 /* Build configuration list for PBXNativeTarget "Postcard" */ = {
			isa = XCConfigurationList;
			buildConfigurations = (
				31EC77D61AAA16A8007F41D3 /* Debug */,
				31EC77D71AAA16A8007F41D3 /* Release */,
			);
			defaultConfigurationIsVisible = 0;
		};
		31EC77D81AAA16A8007F41D3 /* Build configuration list for PBXNativeTarget "PostcardTests" */ = {
			isa = XCConfigurationList;
			buildConfigurations = (
				31EC77D91AAA16A8007F41D3 /* Debug */,
				31EC77DA1AAA16A8007F41D3 /* Release */,
			);
			defaultConfigurationIsVisible = 0;
		};
/* End XCConfigurationList section */
	};
	rootObject = 31EC77AE1AAA16A8007F41D3 /* Project object */;
}
